# DO NOT EDIT MANUALLY - Managed by Fern Replay
version: "1.0"
generations:
  - commit_sha: f2afb1cff0eee19af383de9b52cabab02e2c3411
    tree_hash: 134d6a802212d713c7136a4c7e86c9a72a9a5212
    timestamp: 2026-07-03T19:54:47.142Z
    cli_version: unknown
    generator_versions: {}
current_generation: f2afb1cff0eee19af383de9b52cabab02e2c3411
patches: []
